GEM
  remote: https://rubygems.org/
  specs:
    activesupport (7.0.4.3)
      concurrent-ruby (~> 1.0, >= 1.0.2)
      i18n (>= 1.6, < 2)
      minitest (>= 5.1)
      tzinfo (~> 2.0)
    aws-sdk (2.1.2)
      aws-sdk-resources (= 2.1.2)
    aws-sdk-core (2.1.2)
      jmespath (~> 1.0)
    aws-sdk-resources (2.1.2)
      aws-sdk-core (= 2.1.2)
    commander (4.3.4)
      highline (~> 1.7.2)
    concurrent-ruby (1.2.2)
    configs (1.4.0)
      activesupport (> 3.0)
    excon (0.45.4)
    highline (1.7.2)
    i18n (1.12.0)
      concurrent-ruby (~> 1.0)
    jmespath (1.0.2)
      multi_json (~> 1.0)
    minitest (5.18.0)
    multi_json (1.11.1)
    rainbow (2.0.0)
    tzinfo (2.0.6)
      concurrent-ruby (~> 1.0)

PLATFORMS
  ruby

DEPENDENCIES
  activesupport (>= 6.1.7.3)
  aws-sdk
  commander
  configs
  excon
  rainbow

BUNDLED WITH
   1.17.3
